
Microsoft Visual Studio Solution File, Format Version 12.00
# Visual Studio Version 16
VisualStudioVersion = 16.0.31129.286
MinimumVisualStudioVersion = 10.0.40219.1
Project("{8BC9CEB8-8B4A-11D0-8D11-00A0C91BC942}") = "basicWinAPI", "basicWinAPI\basicWinAPI.vcxproj", "{0F7A6ACD-FFDA-4664-BCC8-8BBEA6F18BC5}"
EndProject
Project("{8BC9CEB8-8B4A-11D0-8D11-00A0C91BC942}") = "SimpleApp", "SimpleApp\SimpleApp.vcxproj", "{67ABA87F-63BB-423D-A7C8-A307B0AF3411}"
EndProject
Global
	GlobalSection(SolutionConfigurationPlatforms) = preSolution
		Debug|x64 = Debug|x64
		Debug|x86 = Debug|x86
		Release|x64 = Release|x64
		Release|x86 = Release|x86
	EndGlobalSection
	GlobalSection(ProjectConfigurationPlatforms) = postSolution
		{0F7A6ACD-FFDA-4664-BCC8-8BBEA6F18BC5}.Debug|x64.ActiveCfg = Debug|x64
		{0F7A6ACD-FFDA-4664-BCC8-8BBEA6F18BC5}.Debug|x64.Build.0 = Debug|x64
		{0F7A6ACD-FFDA-4664-BCC8-8BBEA6F18BC5}.Debug|x86.ActiveCfg = Debug|Win32
		{0F7A6ACD-FFDA-4664-BCC8-8BBEA6F18BC5}.Debug|x86.Build.0 = Debug|Win32
		{0F7A6ACD-FFDA-4664-BCC8-8BBEA6F18BC5}.Release|x64.ActiveCfg = Release|x64
		{0F7A6ACD-FFDA-4664-BCC8-8BBEA6F18BC5}.Release|x64.Build.0 = Release|x64
		{0F7A6ACD-FFDA-4664-BCC8-8BBEA6F18BC5}.Release|x86.ActiveCfg = Release|Win32
		{0F7A6ACD-FFDA-4664-BCC8-8BBEA6F18BC5}.Release|x86.Build.0 = Release|Win32
		{67ABA87F-63BB-423D-A7C8-A307B0AF3411}.Debug|x64.ActiveCfg = Debug|x64
		{67ABA87F-63BB-423D-A7C8-A307B0AF3411}.Debug|x64.Build.0 = Debug|x64
		{67ABA87F-63BB-423D-A7C8-A307B0AF3411}.Debug|x86.ActiveCfg = Debug|Win32
		{67ABA87F-63BB-423D-A7C8-A307B0AF3411}.Debug|x86.Build.0 = Debug|Win32
		{67ABA87F-63BB-423D-A7C8-A307B0AF3411}.Release|x64.ActiveCfg = Release|x64
		{67ABA87F-63BB-423D-A7C8-A307B0AF3411}.Release|x64.Build.0 = Release|x64
		{67ABA87F-63BB-423D-A7C8-A307B0AF3411}.Release|x86.ActiveCfg = Release|Win32
		{67ABA87F-63BB-423D-A7C8-A307B0AF3411}.Release|x86.Build.0 = Release|Win32
	EndGlobalSection
	GlobalSection(SolutionProperties) = preSolution
		HideSolutionNode = FALSE
	EndGlobalSection
	GlobalSection(ExtensibilityGlobals) = postSolution
		SolutionGuid = {502719DA-F9D3-45D2-BF00-99E7FC9731D8}
	EndGlobalSection
EndGlobal
